<?xml version="1.0" encoding="utf-8"?>
<Project xmlns="http://schemas.microsoft.com/developer/msbuild/2003">
  <ItemGroup>
    <Filter Include="Generated Files">
      <UniqueIdentifier>{71ED8ED8-ACB9-4CE9-BBE1-E00B30144E11}</UniqueIdentifier>
      <Extensions>cpp;c;cxx;moc;h;def;odl;idl;res;</Extensions>
    </Filter>
    <Filter Include="Generated Files">
      <UniqueIdentifier>{71ED8ED8-ACB9-4CE9-BBE1-E00B30144E11}</UniqueIdentifier>
      <Extensions>cpp;c;cxx;moc;h;def;odl;idl;res;</Extensions>
    </Filter>
    <Filter Include="Header Files">
      <UniqueIdentifier>{93995380-89BD-4b04-88EB-625FBE52EBFB}</UniqueIdentifier>
      <Extensions>h;hpp;hxx;hm;inl;inc;xsd</Extensions>
    </Filter>
    <Filter Include="Header Files">
      <UniqueIdentifier>{93995380-89BD-4b04-88EB-625FBE52EBFB}</UniqueIdentifier>
      <Extensions>h;hpp;hxx;hm;inl;inc;xsd</Extensions>
    </Filter>
    <Filter Include="Source Files">
      <UniqueIdentifier>{4FC737F1-C7A5-4376-A066-2A32D752A2FF}</UniqueIdentifier>
      <Extensions>cpp;c;cxx;def;odl;idl;hpj;bat;asm;asmx</Extensions>
    </Filter>
    <Filter Include="Source Files">
      <UniqueIdentifier>{4FC737F1-C7A5-4376-A066-2A32D752A2FF}</UniqueIdentifier>
      <Extensions>cpp;c;cxx;def;odl;idl;hpj;bat;asm;asmx</Extensions>
    </Filter>
  </ItemGroup>
  <ItemGroup>
    <ClCompile Include="src\camera_angle_controller.cpp">
      <Filter>Source Files</Filter>
    </ClCompile>
    <ClCompile Include="src\follow_tip_controller.cpp">
      <Filter>Source Files</Filter>
    </ClCompile>
    <ClCompile Include="src\gravity_compensation.cpp">
      <Filter>Source Files</Filter>
    </ClCompile>
    <ClCompile Include="src\intelligent_switch.cpp">
      <Filter>Source Files</Filter>
    </ClCompile>
    <ClCompile Include="src\joint_position_controller.cpp">
      <Filter>Source Files</Filter>
    </ClCompile>
    <ClCompile Include="src\main.cpp">
      <Filter>Source Files</Filter>
    </ClCompile>
    <ClCompile Include="src\mainwindow.cpp">
      <Filter>Source Files</Filter>
    </ClCompile>
    <ClCompile Include="src\robot.cpp">
      <Filter>Source Files</Filter>
    </ClCompile>
    <ClCompile Include="src\robot_kinematics.cpp">
      <Filter>Source Files</Filter>
    </ClCompile>
    <ClCompile Include="src\trocar_detection.cpp">
      <Filter>Source Files</Filter>
    </ClCompile>
    <ClCompile Include="src\viscous_fields.cpp">
      <Filter>Source Files</Filter>
    </ClCompile>
    <ClCompile Include="src\wall_controller.cpp">
      <Filter>Source Files</Filter>
    </ClCompile>
    <ClCompile Include="src\wslogger.cpp">
      <Filter>Source Files</Filter>
    </ClCompile>
    <ClCompile Include="src\instrument.cpp">
      <Filter>Source Files</Filter>
    </ClCompile>
  </ItemGroup>
  <ItemGroup>
    <ClInclude Include="include\camera_angle_controller.hpp">
      <Filter>Header Files</Filter>
    </ClInclude>
    <ClInclude Include="include\simpleHttpServer\client_http.hpp">
      <Filter>Header Files</Filter>
    </ClInclude>
    <ClInclude Include="include\constants.hpp">
      <Filter>Header Files</Filter>
    </ClInclude>
    <ClInclude Include="include\eigen_posemat.hpp">
      <Filter>Header Files</Filter>
    </ClInclude>
    <ClInclude Include="include\filtering.hpp">
      <Filter>Header Files</Filter>
    </ClInclude>
    <ClInclude Include="include\follow_tip_controller.hpp">
      <Filter>Header Files</Filter>
    </ClInclude>
    <ClInclude Include="include\gravity_compensation.hpp">
      <Filter>Header Files</Filter>
    </ClInclude>
    <ClInclude Include="include\instrument.hpp">
      <Filter>Header Files</Filter>
    </ClInclude>
    <ClInclude Include="include\intelligent_switch.hpp">
      <Filter>Header Files</Filter>
    </ClInclude>
    <ClInclude Include="include\joint_position_controller.hpp">
      <Filter>Header Files</Filter>
    </ClInclude>
    <QtMoc Include="include\keypresseater.hpp">
      <Filter>Header Files</Filter>
    </QtMoc>
    <QtMoc Include="include\mainwindow.hpp">
      <Filter>Header Files</Filter>
    </QtMoc>
    <ClInclude Include="include\modes.hpp">
      <Filter>Header Files</Filter>
    </ClInclude>
    <ClInclude Include="include\robot.hpp">
      <Filter>Header Files</Filter>
    </ClInclude>
    <ClInclude Include="include\robot_kinematics.hpp">
      <Filter>Header Files</Filter>
    </ClInclude>
    <ClInclude Include="include\simpleHttpServer\server_http.hpp">
      <Filter>Header Files</Filter>
    </ClInclude>
    <QtMoc Include="include\smartledstripclient.h">
      <Filter>Header Files</Filter>
    </QtMoc>
    <ClInclude Include="include\trocar_detection.hpp">
      <Filter>Header Files</Filter>
    </ClInclude>
    <ClInclude Include="include\viscous_fields.hpp">
      <Filter>Header Files</Filter>
    </ClInclude>
    <ClInclude Include="include\wall_controller.hpp">
      <Filter>Header Files</Filter>
    </ClInclude>
    <QtMoc Include="include\wslogger.h">
      <Filter>Header Files</Filter>
    </QtMoc>
  </ItemGroup>
  <ItemGroup>
    <CustomBuild Include="debug\moc_predefs.h.cbt">
      <Filter>Generated Files</Filter>
    </CustomBuild>
    <CustomBuild Include="release\moc_predefs.h.cbt">
      <Filter>Generated Files</Filter>
    </CustomBuild>
  </ItemGroup>
</Project>